
Microsoft Visual Studio Solution File, Format Version 12.00
Project("{FAE04EC0-301F-11D3-BF4B-00C04F79EFBC}") = "EntityFrameworkCore.Singularizer", "EntityFrameworkCore.Singularizer\EntityFrameworkCore.Singularizer.csproj", "{70FFFD05-35DC-4A7E-A562-465090EA6A0F}"
EndProject
Global
	GlobalSection(SolutionConfigurationPlatforms) = preSolution
		Debug|Any CPU = Debug|Any CPU
		Release|Any CPU = Release|Any CPU
	EndGlobalSection
	GlobalSection(ProjectConfigurationPlatforms) = postSolution
		{70FFFD05-35DC-4A7E-A562-465090EA6A0F}.Debug|Any CPU.ActiveCfg = Debug|Any CPU
		{70FFFD05-35DC-4A7E-A562-465090EA6A0F}.Debug|Any CPU.Build.0 = Debug|Any CPU
		{70FFFD05-35DC-4A7E-A562-465090EA6A0F}.Release|Any CPU.ActiveCfg = Release|Any CPU
		{70FFFD05-35DC-4A7E-A562-465090EA6A0F}.Release|Any CPU.Build.0 = Release|Any CPU
	EndGlobalSection
	GlobalSection(NestedProjects) = preSolution
	EndGlobalSection
EndGlobal
